
Microsoft Visual Studio Solution File, Format Version 12.00
# Visual Studio Version 17
VisualStudioVersion = 17.4.33213.308
MinimumVisualStudioVersion = 10.0.40219.1
Project("{FAE04EC0-301F-11D3-BF4B-00C04F79EFBC}") = "Поколения машин", "Поколения машин\Поколения машин.csproj", "{56D3A52C-294F-40FF-A341-6DEB4FAA82B9}"
EndProject
Global
	GlobalSection(SolutionConfigurationPlatforms) = preSolution
		Debug|Any CPU = Debug|Any CPU
		Release|Any CPU = Release|Any CPU
	EndGlobalSection
	GlobalSection(ProjectConfigurationPlatforms) = postSolution
		{56D3A52C-294F-40FF-A341-6DEB4FAA82B9}.Debug|Any CPU.ActiveCfg = Debug|Any CPU
		{56D3A52C-294F-40FF-A341-6DEB4FAA82B9}.Debug|Any CPU.Build.0 = Debug|Any CPU
		{56D3A52C-294F-40FF-A341-6DEB4FAA82B9}.Release|Any CPU.ActiveCfg = Release|Any CPU
		{56D3A52C-294F-40FF-A341-6DEB4FAA82B9}.Release|Any CPU.Build.0 = Release|Any CPU
	EndGlobalSection
	GlobalSection(SolutionProperties) = preSolution
		HideSolutionNode = FALSE
	EndGlobalSection
	GlobalSection(ExtensibilityGlobals) = postSolution
		SolutionGuid = {E3D22EC4-FEEB-4E05-921A-2CF34A62402C}
	EndGlobalSection
EndGlobal
